
Microsoft Visual Studio Solution File, Format Version 12.00
# Visual Studio Version 16
VisualStudioVersion = 16.0.30711.63
MinimumVisualStudioVersion = 10.0.40219.1
Project("{8BC9CEB8-8B4A-11D0-8D11-00A0C91BC942}") = "laba1", "laba1.vcxproj", "{C6570F38-640B-4BB8-9D90-8AE296C0D105}"
EndProject
Global
	GlobalSection(SolutionConfigurationPlatforms) = preSolution
		Debug|x64 = Debug|x64
		Debug|x86 = Debug|x86
		Release|x64 = Release|x64
		Release|x86 = Release|x86
	EndGlobalSection
	GlobalSection(ProjectConfigurationPlatforms) = postSolution
		{C6570F38-640B-4BB8-9D90-8AE296C0D105}.Debug|x64.ActiveCfg = Debug|x64
		{C6570F38-640B-4BB8-9D90-8AE296C0D105}.Debug|x64.Build.0 = Debug|x64
		{C6570F38-640B-4BB8-9D90-8AE296C0D105}.Debug|x86.ActiveCfg = Debug|Win32
		{C6570F38-640B-4BB8-9D90-8AE296C0D105}.Debug|x86.Build.0 = Debug|Win32
		{C6570F38-640B-4BB8-9D90-8AE296C0D105}.Release|x64.ActiveCfg = Release|x64
		{C6570F38-640B-4BB8-9D90-8AE296C0D105}.Release|x64.Build.0 = Release|x64
		{C6570F38-640B-4BB8-9D90-8AE296C0D105}.Release|x86.ActiveCfg = Release|Win32
		{C6570F38-640B-4BB8-9D90-8AE296C0D105}.Release|x86.Build.0 = Release|Win32
	EndGlobalSection
	GlobalSection(SolutionProperties) = preSolution
		HideSolutionNode = FALSE
	EndGlobalSection
	GlobalSection(ExtensibilityGlobals) = postSolution
		SolutionGuid = {787BA5F6-9782-48C8-BD72-458A0841C7E3}
	EndGlobalSection
EndGlobal
